
Microsoft Visual Studio Solution File, Format Version 12.00
# Visual Studio Version 17
VisualStudioVersion = 17.1.32328.378
MinimumVisualStudioVersion = 10.0.40219.1
Project("{FAE04EC0-301F-11D3-BF4B-00C04F79EFBC}") = "Api", "Api\Api.csproj", "{E755F716-A6B1-491F-8FB6-F2055EC7F813}"
EndProject
Global
	GlobalSection(SolutionConfigurationPlatforms) = preSolution
		Debug|Any CPU = Debug|Any CPU
		Release|Any CPU = Release|Any CPU
	EndGlobalSection
	GlobalSection(ProjectConfigurationPlatforms) = postSolution
		{E755F716-A6B1-491F-8FB6-F2055EC7F813}.Debug|Any CPU.ActiveCfg = Debug|Any CPU
		{E755F716-A6B1-491F-8FB6-F2055EC7F813}.Debug|Any CPU.Build.0 = Debug|Any CPU
		{E755F716-A6B1-491F-8FB6-F2055EC7F813}.Release|Any CPU.ActiveCfg = Release|Any CPU
		{E755F716-A6B1-491F-8FB6-F2055EC7F813}.Release|Any CPU.Build.0 = Release|Any CPU
	EndGlobalSection
	GlobalSection(SolutionProperties) = preSolution
		HideSolutionNode = FALSE
	EndGlobalSection
	GlobalSection(ExtensibilityGlobals) = postSolution
		SolutionGuid = {8233C8A1-17B2-4620-84FB-24CAEB1C12EA}
	EndGlobalSection
EndGlobal
